// !$*UTF8*$!
{
	archiveVersion = 1;
	classes = {
	};
	objectVersion = 77;
	objects = {

/* Begin PBXBuildFile section */
		9C6BC8CD0C1B10F7AE8B06BC /* Foundation.framework in Frameworks */ = {isa = PBXBuildFile; fileRef = C3075EF805F260D65C36702F /* Foundation.framework */; };
		BC577C344CEB56A696DBD96C /* Sentry-Dynamic in Frameworks */ = {isa = PBXBuildFile; productRef = 9AC023AEE768F3E62898B6BB /* Sentry-Dynamic */; };
		CRYPT00000000000000000003 /* CryptoSwift in Frameworks */ = {isa = PBXBuildFile; productRef = CRYPT00000000000000000002 /* CryptoSwift */; };
		P20000000000000000000004 /* PeakWidgetExtension.appex in Embed Foundation Extensions */ = {isa = PBXBuildFile; fileRef = P20000000000000000000005 /* PeakWidgetExtension.appex */; settings = {ATTRIBUTES = (RemoveHeadersOnCopy, ); }; };
		PRIVY00000000000000000003 /* Privy in Frameworks */ = {isa = PBXBuildFile; productRef = PRIVY00000000000000000002 /* Privy */; };
		REOWN00000000000000000003 /* ReownAppKit in Frameworks */ = {isa = PBXBuildFile; productRef = REOWN00000000000000000002 /* ReownAppKit */; };
		REOWN00000000000000000005 /* WalletConnect in Frameworks */ = {isa = PBXBuildFile; productRef = REOWN00000000000000000004 /* WalletConnect */; };
		STAR00000000000000000003 /* Starscream in Frameworks */ = {isa = PBXBuildFile; productRef = STAR00000000000000000002 /* Starscream */; };
		WEB3X00000000000000000003 /* Web3 in Frameworks */ = {isa = PBXBuildFile; productRef = WEB3X00000000000000000002 /* Web3 */; };
/* End PBXBuildFile section */

/* Begin PBXContainerItemProxy section */
		92E54BA0EB3313125CE4A936 /* PBXContainerItemProxy */ = {
			isa = PBXContainerItemProxy;
			containerPortal = P1000000000000000000000A /* Project object */;
			proxyType = 1;
			remoteGlobalIDString = P10000000000000000000006;
			remoteInfo = Peak;
		};
		P20000000000000000000002 /* PBXContainerItemProxy */ = {
			isa = PBXContainerItemProxy;
			containerPortal = P1000000000000000000000A /* Project object */;
			proxyType = 1;
			remoteGlobalIDString = P20000000000000000000006;
			remoteInfo = PeakWidgetExtension;
		};
/* End PBXContainerItemProxy section */

/* Begin PBXCopyFilesBuildPhase section */
		P20000000000000000000007 /* Embed Foundation Extensions */ = {
			isa = PBXCopyFilesBuildPhase;
			buildActionMask = 2147483647;
			dstPath = "";
			dstSubfolderSpec = 13;
			files = (
				P20000000000000000000004 /* PeakWidgetExtension.appex in Embed Foundation Extensions */,
			);
			name = "Embed Foundation Extensions";
			runOnlyForDeploymentPostprocessing = 0;
		};
/* End PBXCopyFilesBuildPhase section */

/* Begin PBXFileReference section */
		9DAC6A4DDF28BDB8E16A01A0 /* PeakTests.xctest */ = {isa = PBXFileReference; explicitFileType = wrapper.cfbundle; includeInIndex = 0; path = PeakTests.xctest; sourceTree = BUILT_PRODUCTS_DIR; };
		C3075EF805F260D65C36702F /* Foundation.framework */ = {isa = PBXFileReference; lastKnownFileType = wrapper.framework; name = Foundation.framework; path = Platforms/iPhoneOS.platform/Developer/SDKs/iPhoneOS26.0.sdk/System/Library/Frameworks/Foundation.framework; sourceTree = DEVELOPER_DIR; };
		P10000000000000000000005 /* Peak.app */ = {isa = PBXFileReference; explicitFileType = wrapper.application; includeInIndex = 0; path = Peak.app; sourceTree = BUILT_PRODUCTS_DIR; };
		P20000000000000000000005 /* PeakWidgetExtension.appex */ = {isa = PBXFileReference; explicitFileType = "wrapper.app-extension"; includeInIndex = 0; path = PeakWidgetExtension.appex; sourceTree = BUILT_PRODUCTS_DIR; };
/* End PBXFileReference section */

/* Begin PBXFileSystemSynchronizedBuildFileExceptionSet section */
		9B8B413130138A4C001D2B7B /* Exceptions for "Peak" folder in "Peak" target */ = {
			isa = PBXFileSystemSynchronizedBuildFileExceptionSet;
			membershipExceptions = (
				Info.plist,
			);
			target = P10000000000000000000006 /* Peak */;
		};
		P2000000000000000000000E /* Exceptions for "PeakWidget" folder in "PeakWidgetExtension" target */ = {
			isa = PBXFileSystemSynchronizedBuildFileExceptionSet;
			membershipExceptions = (
				Info.plist,
			);
			target = P20000000000000000000006 /* PeakWidgetExtension */;
		};
/* End PBXFileSystemSynchronizedBuildFileExceptionSet section */

/* Begin PBXFileSystemSynchronizedRootGroup section */
		237FE9B8BEA1F889EE14DDCB /* PeakTests */ = {
			isa = PBXFileSystemSynchronizedRootGroup;
			path = PeakTests;
			sourceTree = "<group>";
		};
		P10000000000000000000001 /* Peak */ = {
			isa = PBXFileSystemSynchronizedRootGroup;
			exceptions = (
				9B8B413130138A4C001D2B7B /* Exceptions for "Peak" folder in "Peak" target */,
			);
			path = Peak;
			sourceTree = "<group>";
		};
		P20000000000000000000001 /* PeakWidget */ = {
			isa = PBXFileSystemSynchronizedRootGroup;
			exceptions = (
				P2000000000000000000000E /* Exceptions for "PeakWidget" folder in "PeakWidgetExtension" target */,
			);
			path = PeakWidget;
			sourceTree = "<group>";
		};
/* End PBXFileSystemSynchronizedRootGroup section */

/* Begin PBXFrameworksBuildPhase section */
		80CF6B7B3709392F7056F296 /* Frameworks */ = {
			isa = PBXFrameworksBuildPhase;
			buildActionMask = 2147483647;
			files = (
				9C6BC8CD0C1B10F7AE8B06BC /* Foundation.framework in Frameworks */,
			);
			runOnlyForDeploymentPostprocessing = 0;
		};
		P10000000000000000000002 /* Frameworks */ = {
			isa = PBXFrameworksBuildPhase;
			buildActionMask = 2147483647;
			files = (
				PRIVY00000000000000000003 /* Privy in Frameworks */,
				REOWN00000000000000000003 /* ReownAppKit in Frameworks */,
				REOWN00000000000000000005 /* WalletConnect in Frameworks */,
				STAR00000000000000000003 /* Starscream in Frameworks */,
				CRYPT00000000000000000003 /* CryptoSwift in Frameworks */,
				WEB3X00000000000000000003 /* Web3 in Frameworks */,
				BC577C344CEB56A696DBD96C /* Sentry-Dynamic in Frameworks */,
			);
			runOnlyForDeploymentPostprocessing = 0;
		};
		P20000000000000000000009 /* Frameworks */ = {
			isa = PBXFrameworksBuildPhase;
			buildActionMask = 2147483647;
			files = (
			);
			runOnlyForDeploymentPostprocessing = 0;
		};
/* End PBXFrameworksBuildPhase section */

/* Begin PBXGroup section */
		51A56A06845C4D7A42D11F6A /* Frameworks */ = {
			isa = PBXGroup;
			children = (
				B290D60218F1CD6C0C0E79BA /* iOS */,
			);
			name = Frameworks;
			sourceTree = "<group>";
		};
		B290D60218F1CD6C0C0E79BA /* iOS */ = {
			isa = PBXGroup;
			children = (
				C3075EF805F260D65C36702F /* Foundation.framework */,
			);
			name = iOS;
			sourceTree = "<group>";
		};
		P10000000000000000000003 = {
			isa = PBXGroup;
			children = (
				P10000000000000000000001 /* Peak */,
				P20000000000000000000001 /* PeakWidget */,
				P10000000000000000000004 /* Products */,
				51A56A06845C4D7A42D11F6A /* Frameworks */,
				237FE9B8BEA1F889EE14DDCB /* PeakTests */,
			);
			sourceTree = "<group>";
		};
		P10000000000000000000004 /* Products */ = {
			isa = PBXGroup;
			children = (
				P10000000000000000000005 /* Peak.app */,
				P20000000000000000000005 /* PeakWidgetExtension.appex */,
				9DAC6A4DDF28BDB8E16A01A0 /* PeakTests.xctest */,
			);
			name = Products;
			sourceTree = "<group>";
		};
/* End PBXGroup section */

/* Begin PBXNativeTarget section */
		E17621FF80E622B02C06BA4E /* PeakTests */ = {
			isa = PBXNativeTarget;
			buildConfigurationList = 6F54A45DABF22CC9295B9F00 /* Build configuration list for PBXNativeTarget "PeakTests" */;
			buildPhases = (
				DC2221B9B09FF8E2F77D8D6E /* Sources */,
				80CF6B7B3709392F7056F296 /* Frameworks */,
				D2575071CDBFC046D85E3B06 /* Resources */,
			);
			buildRules = (
			);
			dependencies = (
				7E101D1C6F81B4611DD77133 /* PBXTargetDependency */,
			);
			fileSystemSynchronizedGroups = (
				237FE9B8BEA1F889EE14DDCB /* PeakTests */,
			);
			name = PeakTests;
			productName = PeakTests;
			productReference = 9DAC6A4DDF28BDB8E16A01A0 /* PeakTests.xctest */;
			productType = "com.apple.product-type.bundle.unit-test";
		};
		P10000000000000000000006 /* Peak */ = {
			isa = PBXNativeTarget;
			buildConfigurationList = P10000000000000000000007 /* Build configuration list for PBXNativeTarget "Peak" */;
			buildPhases = (
				PEAKPRIVYSIGN00000000001 /* Sign PrivySDK XCFramework */,
				P10000000000000000000008 /* Sources */,
				P10000000000000000000002 /* Frameworks */,
				P10000000000000000000009 /* Resources */,
				P20000000000000000000007 /* Embed Foundation Extensions */,
				PEAKATS000000000000000001 /* Debug Allow Local Networking */,
			);
			buildRules = (
			);
			dependencies = (
				P20000000000000000000003 /* PBXTargetDependency */,
			);
			fileSystemSynchronizedGroups = (
				P10000000000000000000001 /* Peak */,
			);
			name = Peak;
			packageProductDependencies = (
				PRIVY00000000000000000002 /* Privy */,
				REOWN00000000000000000002 /* ReownAppKit */,
				REOWN00000000000000000004 /* WalletConnect */,
				STAR00000000000000000002 /* Starscream */,
				CRYPT00000000000000000002 /* CryptoSwift */,
				WEB3X00000000000000000002 /* Web3 */,
				9AC023AEE768F3E62898B6BB /* Sentry-Dynamic */,
			);
			productName = Peak;
			productReference = P10000000000000000000005 /* Peak.app */;
			productType = "com.apple.product-type.application";
		};
		P20000000000000000000006 /* PeakWidgetExtension */ = {
			isa = PBXNativeTarget;
			buildConfigurationList = P2000000000000000000000D /* Build configuration list for PBXNativeTarget "PeakWidgetExtension" */;
			buildPhases = (
				P20000000000000000000008 /* Sources */,
				P20000000000000000000009 /* Frameworks */,
				P2000000000000000000000A /* Resources */,
			);
			buildRules = (
			);
			dependencies = (
			);
			fileSystemSynchronizedGroups = (
				P20000000000000000000001 /* PeakWidget */,
			);
			name = PeakWidgetExtension;
			productName = PeakWidgetExtension;
			productReference = P20000000000000000000005 /* PeakWidgetExtension.appex */;
			productType = "com.apple.product-type.app-extension";
		};
/* End PBXNativeTarget section */

/* Begin PBXProject section */
		P1000000000000000000000A /* Project object */ = {
			isa = PBXProject;
			attributes = {
				BuildIndependentTargetsInParallel = 1;
				LastSwiftUpdateCheck = 1600;
				LastUpgradeCheck = 2700;
				TargetAttributes = {
					P10000000000000000000006 = {
						CreatedOnToolsVersion = 16.0;
					};
					P20000000000000000000006 = {
						CreatedOnToolsVersion = 16.0;
					};
				};
			};
			buildConfigurationList = P1000000000000000000000B /* Build configuration list for PBXProject "Peak" */;
			developmentRegion = en;
			hasScannedForEncodings = 0;
			knownRegions = (
				en,
				Base,
			);
			mainGroup = P10000000000000000000003;
			minimizedProjectReferenceProxies = 1;
			packageReferences = (
				PRIVY00000000000000000001 /* XCRemoteSwiftPackageReference "privy-ios" */,
				REOWN00000000000000000001 /* XCRemoteSwiftPackageReference "reown-swift" */,
				STAR00000000000000000001 /* XCRemoteSwiftPackageReference "Starscream" */,
				CRYPT00000000000000000001 /* XCRemoteSwiftPackageReference "CryptoSwift" */,
				WEB3X00000000000000000001 /* XCRemoteSwiftPackageReference "Web3" */,
				A1DDCB58E828240444EED0D8 /* XCRemoteSwiftPackageReference "sentry-cocoa" */,
			);
			preferredProjectObjectVersion = 77;
			productRefGroup = P10000000000000000000004 /* Products */;
			projectDirPath = "";
			projectRoot = "";
			targets = (
				P10000000000000000000006 /* Peak */,
				P20000000000000000000006 /* PeakWidgetExtension */,
				E17621FF80E622B02C06BA4E /* PeakTests */,
			);
		};
/* End PBXProject section */

/* Begin PBXResourcesBuildPhase section */
		D2575071CDBFC046D85E3B06 /* Resources */ = {
			isa = PBXResourcesBuildPhase;
			buildActionMask = 2147483647;
			files = (
			);
			runOnlyForDeploymentPostprocessing = 0;
		};
		P10000000000000000000009 /* Resources */ = {
			isa = PBXResourcesBuildPhase;
			buildActionMask = 2147483647;
			files = (
			);
			runOnlyForDeploymentPostprocessing = 0;
		};
		P2000000000000000000000A /* Resources */ = {
			isa = PBXResourcesBuildPhase;
			buildActionMask = 2147483647;
			files = (
			);
			runOnlyForDeploymentPostprocessing = 0;
		};
/* End PBXResourcesBuildPhase section */

/* Begin PBXShellScriptBuildPhase section */
		PEAKPRIVYSIGN00000000001 /* Sign PrivySDK XCFramework */ = {
			isa = PBXShellScriptBuildPhase;
			alwaysOutOfDate = 1;
			buildActionMask = 2147483647;
			files = (
			);
			inputFileListPaths = (
			);
			inputPaths = (
			);
			name = "Sign PrivySDK XCFramework";
			outputFileListPaths = (
			);
			outputPaths = (
			);
			runOnlyForDeploymentPostprocessing = 0;
			shellPath = /bin/sh;
			shellScript = "# TMS-91065: codesign PrivySDK.xcframework (needs sandbox OFF — see ENABLE_USER_SCRIPT_SANDBOXING).\ncd \"${SRCROOT}\"\n/bin/sh \"${SRCROOT}/scripts/sign-privy-xcframework.sh\"\n";
		};
		PEAKATS000000000000000001 /* Debug Allow Local Networking */ = {
			isa = PBXShellScriptBuildPhase;
			alwaysOutOfDate = 1;
			buildActionMask = 2147483647;
			files = (
			);
			inputFileListPaths = (
			);
			inputPaths = (
			);
			name = "Debug Allow Local Networking";
			outputFileListPaths = (
			);
			outputPaths = (
			);
			runOnlyForDeploymentPostprocessing = 0;
			shellPath = /bin/sh;
			shellScript = "if [ \"${CONFIGURATION}\" != \"Debug\" ]; then\n  exit 0\nfi\nPLIST=\"${TARGET_BUILD_DIR}/${INFOPLIST_PATH}\"\nif [ ! -f \"${PLIST}\" ]; then\n  echo \"warning: Info.plist not found at ${PLIST}; skipping NSAllowsLocalNetworking\"\n  exit 0\nfi\n/usr/libexec/PlistBuddy -c \"Delete :NSAppTransportSecurity:NSAllowsLocalNetworking\" \"${PLIST}\" 2>/dev/null || true\n/usr/libexec/PlistBuddy -c \"Add :NSAppTransportSecurity:NSAllowsLocalNetworking bool true\" \"${PLIST}\"\necho \"Enabled NSAllowsLocalNetworking for Debug\"\n";
		};
/* End PBXShellScriptBuildPhase section */

/* Begin PBXSourcesBuildPhase section */
		DC2221B9B09FF8E2F77D8D6E /* Sources */ = {
			isa = PBXSourcesBuildPhase;
			buildActionMask = 2147483647;
			files = (
			);
			runOnlyForDeploymentPostprocessing = 0;
		};
		P10000000000000000000008 /* Sources */ = {
			isa = PBXSourcesBuildPhase;
			buildActionMask = 2147483647;
			files = (
			);
			runOnlyForDeploymentPostprocessing = 0;
		};
		P20000000000000000000008 /* Sources */ = {
			isa = PBXSourcesBuildPhase;
			buildActionMask = 2147483647;
			files = (
			);
			runOnlyForDeploymentPostprocessing = 0;
		};
/* End PBXSourcesBuildPhase section */

/* Begin PBXTargetDependency section */
		7E101D1C6F81B4611DD77133 /* PBXTargetDependency */ = {
			isa = PBXTargetDependency;
			name = Peak;
			target = P10000000000000000000006 /* Peak */;
			targetProxy = 92E54BA0EB3313125CE4A936 /* PBXContainerItemProxy */;
		};
		P20000000000000000000003 /* PBXTargetDependency */ = {
			isa = PBXTargetDependency;
			target = P20000000000000000000006 /* PeakWidgetExtension */;
			targetProxy = P20000000000000000000002 /* PBXContainerItemProxy */;
		};
/* End PBXTargetDependency section */

/* Begin XCBuildConfiguration section */
		4A61C02DCC5652500A65412E /* Release */ = {
			isa = XCBuildConfiguration;
			buildSettings = {
				BUNDLE_LOADER = "$(TEST_HOST)";
				CLANG_ENABLE_OBJC_WEAK = NO;
				CODE_SIGN_STYLE = Automatic;
				CURRENT_PROJECT_VERSION = 3;
				DEVELOPMENT_TEAM = 49BZ7S974W;
				GENERATE_INFOPLIST_FILE = YES;
				IPHONEOS_DEPLOYMENT_TARGET = 18.0;
				LD_RUNPATH_SEARCH_PATHS = (
					"$(inherited)",
					"@executable_path/Frameworks",
					"@loader_path/Frameworks",
					"@executable_path/../../Frameworks",
				);
				PRODUCT_BUNDLE_IDENTIFIER = com.pranay.peak.tests;
				PRODUCT_NAME = "$(TARGET_NAME)";
				SDKROOT = iphoneos;
				SUPPORTED_PLATFORMS = "iphoneos iphonesimulator";
				SUPPORTS_MACCATALYST = NO;
				SWIFT_EMIT_LOC_STRINGS = YES;
				SWIFT_VERSION = 5.0;
				TARGETED_DEVICE_FAMILY = "1,2";
				TEST_HOST = "$(BUILT_PRODUCTS_DIR)/Peak.app/Peak";
				VALIDATE_PRODUCT = YES;
			};
			name = Release;
		};
		EB59394C2AEC5129995F745E /* Debug */ = {
			isa = XCBuildConfiguration;
			buildSettings = {
				BUNDLE_LOADER = "$(TEST_HOST)";
				CLANG_ENABLE_OBJC_WEAK = NO;
				CODE_SIGN_STYLE = Automatic;
				CURRENT_PROJECT_VERSION = 3;
				DEVELOPMENT_TEAM = 49BZ7S974W;
				GENERATE_INFOPLIST_FILE = YES;
				IPHONEOS_DEPLOYMENT_TARGET = 18.0;
				LD_RUNPATH_SEARCH_PATHS = (
					"$(inherited)",
					"@executable_path/Frameworks",
					"@loader_path/Frameworks",
					"@executable_path/../../Frameworks",
				);
				PRODUCT_BUNDLE_IDENTIFIER = com.pranay.peak.tests;
				PRODUCT_NAME = "$(TARGET_NAME)";
				SDKROOT = iphoneos;
				SUPPORTED_PLATFORMS = "iphoneos iphonesimulator";
				SUPPORTS_MACCATALYST = NO;
				SWIFT_EMIT_LOC_STRINGS = YES;
				SWIFT_VERSION = 5.0;
				TARGETED_DEVICE_FAMILY = "1,2";
				TEST_HOST = "$(BUILT_PRODUCTS_DIR)/Peak.app/Peak";
			};
			name = Debug;
		};
		P1000000000000000000000C /* Debug */ = {
			isa = XCBuildConfiguration;
			buildSettings = {
				ALWAYS_SEARCH_USER_PATHS = NO;
				CLANG_ENABLE_MODULES = YES;
				CLANG_ENABLE_OBJC_ARC = YES;
				CLANG_WARN_BLOCK_CAPTURE_AUTORELEASING = YES;
				CLANG_WARN_BOOL_CONVERSION = YES;
				CLANG_WARN_COMMA = YES;
				CLANG_WARN_CONSTANT_CONVERSION = YES;
				CLANG_WARN_DEPRECATED_OBJC_IMPLEMENTATIONS = YES;
				CLANG_WARN_EMPTY_BODY = YES;
				CLANG_WARN_ENUM_CONVERSION = YES;
				CLANG_WARN_INFINITE_RECURSION = YES;
				CLANG_WARN_INT_CONVERSION = YES;
				CLANG_WARN_NON_LITERAL_NULL_CONVERSION = YES;
				CLANG_WARN_OBJC_IMPLICIT_RETAIN_SELF = YES;
				CLANG_WARN_OBJC_LITERAL_CONVERSION = YES;
				CLANG_WARN_QUOTED_INCLUDE_IN_FRAMEWORK_HEADER = YES;
				CLANG_WARN_RANGE_LOOP_ANALYSIS = YES;
				CLANG_WARN_STRICT_PROTOTYPES = YES;
				CLANG_WARN_SUSPICIOUS_MOVE = YES;
				CLANG_WARN_UNREACHABLE_CODE = YES;
				CLANG_WARN__DUPLICATE_METHOD_MATCH = YES;
				COPY_PHASE_STRIP = NO;
				DEBUG_INFORMATION_FORMAT = dwarf;
				ENABLE_STRICT_OBJC_MSGSEND = YES;
				ENABLE_TESTABILITY = YES;
				ENABLE_USER_SCRIPT_SANDBOXING = NO;
				GCC_C_LANGUAGE_STANDARD = gnu17;
				GCC_DYNAMIC_NO_PIC = NO;
				GCC_NO_COMMON_BLOCKS = YES;
				GCC_OPTIMIZATION_LEVEL = 0;
				GCC_PREPROCESSOR_DEFINITIONS = (
					"DEBUG=1",
					"$(inherited)",
				);
				GCC_WARN_64_TO_32_BIT_CONVERSION = YES;
				GCC_WARN_ABOUT_RETURN_TYPE = YES;
				GCC_WARN_UNDECLARED_SELECTOR = YES;
				GCC_WARN_UNINITIALIZED_AUTOS = YES;
				GCC_WARN_UNUSED_FUNCTION = YES;
				GCC_WARN_UNUSED_VARIABLE = YES;
				IPHONEOS_DEPLOYMENT_TARGET = 18.0;
				LOCALIZATION_PREFERS_STRING_CATALOGS = YES;
				MTL_ENABLE_DEBUG_INFO = INCLUDE_SOURCE;
				MTL_FAST_MATH = YES;
				ONLY_ACTIVE_ARCH = YES;
				SDKROOT = iphoneos;
				STRING_CATALOG_GENERATE_SYMBOLS = YES;
				SWIFT_ACTIVE_COMPILATION_CONDITIONS = "DEBUG $(inherited)";
				SWIFT_OPTIMIZATION_LEVEL = "-Onone";
			};
			name = Debug;
		};
		P1000000000000000000000D /* Release */ = {
			isa = XCBuildConfiguration;
			buildSettings = {
				ALWAYS_SEARCH_USER_PATHS = NO;
				CLANG_ENABLE_MODULES = YES;
				CLANG_ENABLE_OBJC_ARC = YES;
				CLANG_WARN_BLOCK_CAPTURE_AUTORELEASING = YES;
				CLANG_WARN_BOOL_CONVERSION = YES;
				CLANG_WARN_COMMA = YES;
				CLANG_WARN_CONSTANT_CONVERSION = YES;
				CLANG_WARN_DEPRECATED_OBJC_IMPLEMENTATIONS = YES;
				CLANG_WARN_EMPTY_BODY = YES;
				CLANG_WARN_ENUM_CONVERSION = YES;
				CLANG_WARN_INFINITE_RECURSION = YES;
				CLANG_WARN_INT_CONVERSION = YES;
				CLANG_WARN_NON_LITERAL_NULL_CONVERSION = YES;
				CLANG_WARN_OBJC_IMPLICIT_RETAIN_SELF = YES;
				CLANG_WARN_OBJC_LITERAL_CONVERSION = YES;
				CLANG_WARN_QUOTED_INCLUDE_IN_FRAMEWORK_HEADER = YES;
				CLANG_WARN_RANGE_LOOP_ANALYSIS = YES;
				CLANG_WARN_STRICT_PROTOTYPES = YES;
				CLANG_WARN_SUSPICIOUS_MOVE = YES;
				CLANG_WARN_UNREACHABLE_CODE = YES;
				CLANG_WARN__DUPLICATE_METHOD_MATCH = YES;
				COPY_PHASE_STRIP = NO;
				DEBUG_INFORMATION_FORMAT = "dwarf-with-dsym";
				ENABLE_NS_ASSERTIONS = NO;
				ENABLE_STRICT_OBJC_MSGSEND = YES;
				ENABLE_USER_SCRIPT_SANDBOXING = NO;
				GCC_C_LANGUAGE_STANDARD = gnu17;
				GCC_NO_COMMON_BLOCKS = YES;
				GCC_WARN_64_TO_32_BIT_CONVERSION = YES;
				GCC_WARN_ABOUT_RETURN_TYPE = YES;
				GCC_WARN_UNDECLARED_SELECTOR = YES;
				GCC_WARN_UNINITIALIZED_AUTOS = YES;
				GCC_WARN_UNUSED_FUNCTION = YES;
				GCC_WARN_UNUSED_VARIABLE = YES;
				IPHONEOS_DEPLOYMENT_TARGET = 18.0;
				LOCALIZATION_PREFERS_STRING_CATALOGS = YES;
				MTL_ENABLE_DEBUG_INFO = NO;
				MTL_FAST_MATH = YES;
				SDKROOT = iphoneos;
				STRING_CATALOG_GENERATE_SYMBOLS = YES;
				SWIFT_COMPILATION_MODE = wholemodule;
				VALIDATE_PRODUCT = YES;
			};
			name = Release;
		};
		P1000000000000000000000E /* Debug */ = {
			isa = XCBuildConfiguration;
			buildSettings = {
				ASSETCATALOG_COMPILER_APPICON_NAME = AppIcon;
				ASSETCATALOG_COMPILER_GLOBAL_ACCENT_COLOR_NAME = AccentColor;
				CODE_SIGN_ENTITLEMENTS = Peak/Peak.entitlements;
				CODE_SIGN_STYLE = Automatic;
				CURRENT_PROJECT_VERSION = 3;
				DEVELOPMENT_TEAM = 49BZ7S974W;
				GENERATE_INFOPLIST_FILE = YES;
				INFOPLIST_FILE = Peak/Info.plist;
				INFOPLIST_KEY_CFBundleDisplayName = Peak;
				INFOPLIST_KEY_ITSAppUsesNonExemptEncryption = NO;
				INFOPLIST_KEY_UIApplicationSceneManifest_Generation = YES;
				INFOPLIST_KEY_UIApplicationSupportsIndirectInputEvents = YES;
				INFOPLIST_KEY_UILaunchScreen_Generation = YES;
				INFOPLIST_KEY_UISupportedInterfaceOrientations = UIInterfaceOrientationPortrait;
				INFOPLIST_KEY_UISupportedInterfaceOrientations_iPad = "UIInterfaceOrientationPortrait UIInterfaceOrientationPortraitUpsideDown UIInterfaceOrientationLandscapeLeft UIInterfaceOrientationLandscapeRight";
				LD_RUNPATH_SEARCH_PATHS = (
					"$(inherited)",
					"@executable_path/Frameworks",
				);
				MARKETING_VERSION = 1.1;
				PRODUCT_BUNDLE_IDENTIFIER = com.pranay.peak;
				PRODUCT_NAME = "$(TARGET_NAME)";
				SUPPORTED_PLATFORMS = "iphoneos iphonesimulator";
				SUPPORTS_MACCATALYST = NO;
				SWIFT_EMIT_LOC_STRINGS = YES;
				SWIFT_ENABLE_EXPLICIT_MODULES = NO;
				SWIFT_VERSION = 5.0;
				TARGETED_DEVICE_FAMILY = "1,2";
			};
			name = Debug;
		};
		P1000000000000000000000F /* Release */ = {
			isa = XCBuildConfiguration;
			buildSettings = {
				ASSETCATALOG_COMPILER_APPICON_NAME = AppIcon;
				ASSETCATALOG_COMPILER_GLOBAL_ACCENT_COLOR_NAME = AccentColor;
				CODE_SIGN_ENTITLEMENTS = Peak/Peak.entitlements;
				CODE_SIGN_STYLE = Automatic;
				CURRENT_PROJECT_VERSION = 3;
				DEVELOPMENT_TEAM = 49BZ7S974W;
				GENERATE_INFOPLIST_FILE = YES;
				INFOPLIST_FILE = Peak/Info.plist;
				INFOPLIST_KEY_CFBundleDisplayName = Peak;
				INFOPLIST_KEY_ITSAppUsesNonExemptEncryption = NO;
				INFOPLIST_KEY_UIApplicationSceneManifest_Generation = YES;
				INFOPLIST_KEY_UIApplicationSupportsIndirectInputEvents = YES;
				INFOPLIST_KEY_UILaunchScreen_Generation = YES;
				INFOPLIST_KEY_UISupportedInterfaceOrientations = UIInterfaceOrientationPortrait;
				INFOPLIST_KEY_UISupportedInterfaceOrientations_iPad = "UIInterfaceOrientationPortrait UIInterfaceOrientationPortraitUpsideDown UIInterfaceOrientationLandscapeLeft UIInterfaceOrientationLandscapeRight";
				LD_RUNPATH_SEARCH_PATHS = (
					"$(inherited)",
					"@executable_path/Frameworks",
				);
				MARKETING_VERSION = 1.1;
				PRODUCT_BUNDLE_IDENTIFIER = com.pranay.peak;
				PRODUCT_NAME = "$(TARGET_NAME)";
				SUPPORTED_PLATFORMS = "iphoneos iphonesimulator";
				SUPPORTS_MACCATALYST = NO;
				SWIFT_EMIT_LOC_STRINGS = YES;
				SWIFT_ENABLE_EXPLICIT_MODULES = NO;
				SWIFT_VERSION = 5.0;
				TARGETED_DEVICE_FAMILY = "1,2";
			};
			name = Release;
		};
		P2000000000000000000000B /* Debug */ = {
			isa = XCBuildConfiguration;
			buildSettings = {
				CODE_SIGN_STYLE = Automatic;
				CURRENT_PROJECT_VERSION = 3;
				DEVELOPMENT_TEAM = 49BZ7S974W;
				GENERATE_INFOPLIST_FILE = YES;
				INFOPLIST_FILE = PeakWidget/Info.plist;
				INFOPLIST_KEY_CFBundleDisplayName = Peak;
				INFOPLIST_KEY_NSHumanReadableCopyright = "";
				IPHONEOS_DEPLOYMENT_TARGET = 18.0;
				LD_RUNPATH_SEARCH_PATHS = (
					"$(inherited)",
					"@executable_path/Frameworks",
					"@executable_path/../../Frameworks",
				);
				MARKETING_VERSION = 1.1;
				PRODUCT_BUNDLE_IDENTIFIER = com.pranay.peak.widget;
				PRODUCT_NAME = "$(TARGET_NAME)";
				SKIP_INSTALL = YES;
				SUPPORTED_PLATFORMS = "iphoneos iphonesimulator";
				SUPPORTS_MACCATALYST = NO;
				SWIFT_EMIT_LOC_STRINGS = YES;
				SWIFT_VERSION = 5.0;
				TARGETED_DEVICE_FAMILY = "1,2";
			};
			name = Debug;
		};
		P2000000000000000000000C /* Release */ = {
			isa = XCBuildConfiguration;
			buildSettings = {
				CODE_SIGN_STYLE = Automatic;
				CURRENT_PROJECT_VERSION = 3;
				DEVELOPMENT_TEAM = 49BZ7S974W;
				GENERATE_INFOPLIST_FILE = YES;
				INFOPLIST_FILE = PeakWidget/Info.plist;
				INFOPLIST_KEY_CFBundleDisplayName = Peak;
				INFOPLIST_KEY_NSHumanReadableCopyright = "";
				IPHONEOS_DEPLOYMENT_TARGET = 18.0;
				LD_RUNPATH_SEARCH_PATHS = (
					"$(inherited)",
					"@executable_path/Frameworks",
					"@executable_path/../../Frameworks",
				);
				MARKETING_VERSION = 1.1;
				PRODUCT_BUNDLE_IDENTIFIER = com.pranay.peak.widget;
				PRODUCT_NAME = "$(TARGET_NAME)";
				SKIP_INSTALL = YES;
				SUPPORTED_PLATFORMS = "iphoneos iphonesimulator";
				SUPPORTS_MACCATALYST = NO;
				SWIFT_EMIT_LOC_STRINGS = YES;
				SWIFT_VERSION = 5.0;
				TARGETED_DEVICE_FAMILY = "1,2";
			};
			name = Release;
		};
/* End XCBuildConfiguration section */

/* Begin XCConfigurationList section */
		6F54A45DABF22CC9295B9F00 /* Build configuration list for PBXNativeTarget "PeakTests" */ = {
			isa = XCConfigurationList;
			buildConfigurations = (
				4A61C02DCC5652500A65412E /* Release */,
				EB59394C2AEC5129995F745E /* Debug */,
			);
			defaultConfigurationIsVisible = 0;
			defaultConfigurationName = Release;
		};
		P10000000000000000000007 /* Build configuration list for PBXNativeTarget "Peak" */ = {
			isa = XCConfigurationList;
			buildConfigurations = (
				P1000000000000000000000E /* Debug */,
				P1000000000000000000000F /* Release */,
			);
			defaultConfigurationIsVisible = 0;
			defaultConfigurationName = Release;
		};
		P1000000000000000000000B /* Build configuration list for PBXProject "Peak" */ = {
			isa = XCConfigurationList;
			buildConfigurations = (
				P1000000000000000000000C /* Debug */,
				P1000000000000000000000D /* Release */,
			);
			defaultConfigurationIsVisible = 0;
			defaultConfigurationName = Release;
		};
		P2000000000000000000000D /* Build configuration list for PBXNativeTarget "PeakWidgetExtension" */ = {
			isa = XCConfigurationList;
			buildConfigurations = (
				P2000000000000000000000B /* Debug */,
				P2000000000000000000000C /* Release */,
			);
			defaultConfigurationIsVisible = 0;
			defaultConfigurationName = Release;
		};
/* End XCConfigurationList section */

/* Begin XCRemoteSwiftPackageReference section */
		A1DDCB58E828240444EED0D8 /* XCRemoteSwiftPackageReference "sentry-cocoa" */ = {
			isa = XCRemoteSwiftPackageReference;
			repositoryURL = "https://github.com/getsentry/sentry-cocoa";
			requirement = {
				kind = upToNextMajorVersion;
				minimumVersion = 8.0.0;
			};
		};
		CRYPT00000000000000000001 /* XCRemoteSwiftPackageReference "CryptoSwift" */ = {
			isa = XCRemoteSwiftPackageReference;
			repositoryURL = "https://github.com/krzyzanowskim/CryptoSwift";
			requirement = {
				kind = upToNextMajorVersion;
				minimumVersion = 1.8.0;
			};
		};
		PRIVY00000000000000000001 /* XCRemoteSwiftPackageReference "privy-ios" */ = {
			isa = XCRemoteSwiftPackageReference;
			repositoryURL = "https://github.com/privy-io/privy-ios";
			requirement = {
				kind = upToNextMajorVersion;
				minimumVersion = 2.14.0;
			};
		};
		REOWN00000000000000000001 /* XCRemoteSwiftPackageReference "reown-swift" */ = {
			isa = XCRemoteSwiftPackageReference;
			repositoryURL = "https://github.com/reown-com/reown-swift";
			requirement = {
				kind = upToNextMajorVersion;
				minimumVersion = 1.0.0;
			};
		};
		STAR00000000000000000001 /* XCRemoteSwiftPackageReference "Starscream" */ = {
			isa = XCRemoteSwiftPackageReference;
			repositoryURL = "https://github.com/daltoniam/Starscream";
			requirement = {
				kind = exactVersion;
				version = 3.1.2;
			};
		};
		WEB3X00000000000000000001 /* XCRemoteSwiftPackageReference "Web3" */ = {
			isa = XCRemoteSwiftPackageReference;
			repositoryURL = "https://github.com/Boilertalk/Web3.swift";
			requirement = {
				kind = upToNextMajorVersion;
				minimumVersion = 0.8.0;
			};
		};
/* End XCRemoteSwiftPackageReference section */

/* Begin XCSwiftPackageProductDependency section */
		9AC023AEE768F3E62898B6BB /* Sentry-Dynamic */ = {
			isa = XCSwiftPackageProductDependency;
			package = A1DDCB58E828240444EED0D8 /* XCRemoteSwiftPackageReference "sentry-cocoa" */;
			productName = Sentry-Dynamic;
		};
		CRYPT00000000000000000002 /* CryptoSwift */ = {
			isa = XCSwiftPackageProductDependency;
			package = CRYPT00000000000000000001 /* XCRemoteSwiftPackageReference "CryptoSwift" */;
			productName = CryptoSwift;
		};
		PRIVY00000000000000000002 /* Privy */ = {
			isa = XCSwiftPackageProductDependency;
			package = PRIVY00000000000000000001 /* XCRemoteSwiftPackageReference "privy-ios" */;
			productName = Privy;
		};
		REOWN00000000000000000002 /* ReownAppKit */ = {
			isa = XCSwiftPackageProductDependency;
			package = REOWN00000000000000000001 /* XCRemoteSwiftPackageReference "reown-swift" */;
			productName = ReownAppKit;
		};
		REOWN00000000000000000004 /* WalletConnect */ = {
			isa = XCSwiftPackageProductDependency;
			package = REOWN00000000000000000001 /* XCRemoteSwiftPackageReference "reown-swift" */;
			productName = WalletConnect;
		};
		STAR00000000000000000002 /* Starscream */ = {
			isa = XCSwiftPackageProductDependency;
			package = STAR00000000000000000001 /* XCRemoteSwiftPackageReference "Starscream" */;
			productName = Starscream;
		};
		WEB3X00000000000000000002 /* Web3 */ = {
			isa = XCSwiftPackageProductDependency;
			package = WEB3X00000000000000000001 /* XCRemoteSwiftPackageReference "Web3" */;
			productName = Web3;
		};
/* End XCSwiftPackageProductDependency section */
	};
	rootObject = P1000000000000000000000A /* Project object */;
}
